
Microsoft Visual Studio Solution File, Format Version 12.00
# Visual Studio Version 17
VisualStudioVersion = 17.0.32002.185
MinimumVisualStudioVersion = 10.0.40219.1
Project("{FAE04EC0-301F-11D3-BF4B-00C04F79EFBC}") = "ClassPelaajat", "ClassPelaajat\ClassPelaajat.csproj", "{29CE1A01-B0F4-4990-8097-DDA306409EFE}"
EndProject
Global
	GlobalSection(SolutionConfigurationPlatforms) = preSolution
		Debug|Any CPU = Debug|Any CPU
		Release|Any CPU = Release|Any CPU
	EndGlobalSection
	GlobalSection(ProjectConfigurationPlatforms) = postSolution
		{29CE1A01-B0F4-4990-8097-DDA306409EFE}.Debug|Any CPU.ActiveCfg = Debug|Any CPU
		{29CE1A01-B0F4-4990-8097-DDA306409EFE}.Debug|Any CPU.Build.0 = Debug|Any CPU
		{29CE1A01-B0F4-4990-8097-DDA306409EFE}.Release|Any CPU.ActiveCfg = Release|Any CPU
		{29CE1A01-B0F4-4990-8097-DDA306409EFE}.Release|Any CPU.Build.0 = Release|Any CPU
	EndGlobalSection
	GlobalSection(SolutionProperties) = preSolution
		HideSolutionNode = FALSE
	EndGlobalSection
	GlobalSection(ExtensibilityGlobals) = postSolution
		SolutionGuid = {37521164-1D8D-4ACD-A436-18E68A78FD9F}
	EndGlobalSection
EndGlobal
