
Microsoft Visual Studio Solution File, Format Version 12.00
# Visual Studio Version 17
VisualStudioVersion = 17.0.32002.185
MinimumVisualStudioVersion = 10.0.40219.1
Project("{FAE04EC0-301F-11D3-BF4B-00C04F79EFBC}") = "PelinHallinta", "PelinHallinta\PelinHallinta.csproj", "{20A71462-A690-4E6E-ABE6-8D6FEC0B588D}"
EndProject
Project("{54435603-DBB4-11D2-8724-00A0C9A8B90C}") = "Setup", "Setup\Setup.vdproj", "{A4D70E3D-68C0-42F9-9366-24CDB6224DD8}"
EndProject
Global
	GlobalSection(SolutionConfigurationPlatforms) = preSolution
		Debug|Any CPU = Debug|Any CPU
		Release|Any CPU = Release|Any CPU
	EndGlobalSection
	GlobalSection(ProjectConfigurationPlatforms) = postSolution
		{20A71462-A690-4E6E-ABE6-8D6FEC0B588D}.Debug|Any CPU.ActiveCfg = Debug|Any CPU
		{20A71462-A690-4E6E-ABE6-8D6FEC0B588D}.Debug|Any CPU.Build.0 = Debug|Any CPU
		{20A71462-A690-4E6E-ABE6-8D6FEC0B588D}.Release|Any CPU.ActiveCfg = Release|Any CPU
		{20A71462-A690-4E6E-ABE6-8D6FEC0B588D}.Release|Any CPU.Build.0 = Release|Any CPU
		{A4D70E3D-68C0-42F9-9366-24CDB6224DD8}.Debug|Any CPU.ActiveCfg = Debug
		{A4D70E3D-68C0-42F9-9366-24CDB6224DD8}.Release|Any CPU.ActiveCfg = Release
	EndGlobalSection
	GlobalSection(SolutionProperties) = preSolution
		HideSolutionNode = FALSE
	EndGlobalSection
	GlobalSection(ExtensibilityGlobals) = postSolution
		SolutionGuid = {01ACEA70-CE27-46C0-881C-256D9A806EC1}
	EndGlobalSection
EndGlobal
